
Microsoft Visual Studio Solution File, Format Version 12.00
# Visual Studio Version 16
VisualStudioVersion = 16.0.33130.400
MinimumVisualStudioVersion = 10.0.40219.1
Project("{FAE04EC0-301F-11D3-BF4B-00C04F79EFBC}") = "1402", "1402\1402.csproj", "{55DE0E41-B0A2-4B0F-A96B-7C3540737C9B}"
EndProject
Global
	GlobalSection(SolutionConfigurationPlatforms) = preSolution
		Debug|Any CPU = Debug|Any CPU
		Release|Any CPU = Release|Any CPU
	EndGlobalSection
	GlobalSection(ProjectConfigurationPlatforms) = postSolution
		{55DE0E41-B0A2-4B0F-A96B-7C3540737C9B}.Debug|Any CPU.ActiveCfg = Debug|Any CPU
		{55DE0E41-B0A2-4B0F-A96B-7C3540737C9B}.Debug|Any CPU.Build.0 = Debug|Any CPU
		{55DE0E41-B0A2-4B0F-A96B-7C3540737C9B}.Release|Any CPU.ActiveCfg = Release|Any CPU
		{55DE0E41-B0A2-4B0F-A96B-7C3540737C9B}.Release|Any CPU.Build.0 = Release|Any CPU
	EndGlobalSection
	GlobalSection(SolutionProperties) = preSolution
		HideSolutionNode = FALSE
	EndGlobalSection
	GlobalSection(ExtensibilityGlobals) = postSolution
		SolutionGuid = {E338C7E0-9D81-4302-B307-E2BE380F3B99}
	EndGlobalSection
EndGlobal
